
Microsoft Visual Studio Solution File, Format Version 12.00
# Visual Studio Version 17
VisualStudioVersion = 17.1.32421.90
MinimumVisualStudioVersion = 10.0.40219.1
Project("{FAE04EC0-301F-11D3-BF4B-00C04F79EFBC}") = "Shopping", "Shopping\Shopping.csproj", "{C5859E56-31D5-48D9-ABA4-D56483A6F06A}"
EndProject
Global
	GlobalSection(SolutionConfigurationPlatforms) = preSolution
		Debug|Any CPU = Debug|Any CPU
		Release|Any CPU = Release|Any CPU
	EndGlobalSection
	GlobalSection(ProjectConfigurationPlatforms) = postSolution
		{C5859E56-31D5-48D9-ABA4-D56483A6F06A}.Debug|Any CPU.ActiveCfg = Debug|Any CPU
		{C5859E56-31D5-48D9-ABA4-D56483A6F06A}.Debug|Any CPU.Build.0 = Debug|Any CPU
		{C5859E56-31D5-48D9-ABA4-D56483A6F06A}.Release|Any CPU.ActiveCfg = Release|Any CPU
		{C5859E56-31D5-48D9-ABA4-D56483A6F06A}.Release|Any CPU.Build.0 = Release|Any CPU
	EndGlobalSection
	GlobalSection(SolutionProperties) = preSolution
		HideSolutionNode = FALSE
	EndGlobalSection
	GlobalSection(ExtensibilityGlobals) = postSolution
		SolutionGuid = {9AC109EA-5151-4233-A701-E7F3C70CFA93}
	EndGlobalSection
EndGlobal
